
Microsoft Visual Studio Solution File, Format Version 12.00
# Visual Studio Version 16
VisualStudioVersion = 16.0.30204.135
MinimumVisualStudioVersion = 10.0.40219.1
Project("{9A19103F-16F7-4668-BE54-9A1E7A4F7556}") = "ApplicationCore", "ApplicationCore\ApplicationCore.csproj", "{477409FB-99D8-4477-A3AC-5053A7180EBC}"
EndProject
Project("{9A19103F-16F7-4668-BE54-9A1E7A4F7556}") = "Infrastructure", "Infrastructure\Infrastructure.csproj", "{26150A4D-668D-4997-97B7-954B633186F4}"
EndProject
Project("{FAE04EC0-301F-11D3-BF4B-00C04F79EFBC}") = "Presenters", "Presenters\Presenters.csproj", "{871452D6-57CA-446E-983D-A0C5A3C8CEE6}"
EndProject
Global
	GlobalSection(SolutionConfigurationPlatforms) = preSolution
		Debug|Any CPU = Debug|Any CPU
		Release|Any CPU = Release|Any CPU
	EndGlobalSection
	GlobalSection(ProjectConfigurationPlatforms) = postSolution
		{923C8224-474A-4281-BCD2-7F4A0D86F42D}.Debug|Any CPU.ActiveCfg = Debug|Any CPU
		{923C8224-474A-4281-BCD2-7F4A0D86F42D}.Debug|Any CPU.Build.0 = Debug|Any CPU
		{923C8224-474A-4281-BCD2-7F4A0D86F42D}.Release|Any CPU.ActiveCfg = Release|Any CPU
		{923C8224-474A-4281-BCD2-7F4A0D86F42D}.Release|Any CPU.Build.0 = Release|Any CPU
		{477409FB-99D8-4477-A3AC-5053A7180EBC}.Debug|Any CPU.ActiveCfg = Debug|Any CPU
		{477409FB-99D8-4477-A3AC-5053A7180EBC}.Debug|Any CPU.Build.0 = Debug|Any CPU
		{477409FB-99D8-4477-A3AC-5053A7180EBC}.Release|Any CPU.ActiveCfg = Release|Any CPU
		{477409FB-99D8-4477-A3AC-5053A7180EBC}.Release|Any CPU.Build.0 = Release|Any CPU
		{26150A4D-668D-4997-97B7-954B633186F4}.Debug|Any CPU.ActiveCfg = Debug|Any CPU
		{26150A4D-668D-4997-97B7-954B633186F4}.Debug|Any CPU.Build.0 = Debug|Any CPU
		{26150A4D-668D-4997-97B7-954B633186F4}.Release|Any CPU.ActiveCfg = Release|Any CPU
		{26150A4D-668D-4997-97B7-954B633186F4}.Release|Any CPU.Build.0 = Release|Any CPU
		{871452D6-57CA-446E-983D-A0C5A3C8CEE6}.Debug|Any CPU.ActiveCfg = Debug|Any CPU
		{871452D6-57CA-446E-983D-A0C5A3C8CEE6}.Debug|Any CPU.Build.0 = Debug|Any CPU
		{871452D6-57CA-446E-983D-A0C5A3C8CEE6}.Release|Any CPU.ActiveCfg = Release|Any CPU
		{871452D6-57CA-446E-983D-A0C5A3C8CEE6}.Release|Any CPU.Build.0 = Release|Any CPU
	EndGlobalSection
	GlobalSection(SolutionProperties) = preSolution
		HideSolutionNode = FALSE
	EndGlobalSection
	GlobalSection(ExtensibilityGlobals) = postSolution
		SolutionGuid = {A9421F40-DCA7-4C37-A748-A7C01EEA4D95}
	EndGlobalSection
EndGlobal
